Microsoft Visual Studio Solution File, Format Version 12.00
# Visual Studio Version 17
VisualStudioVersion = 17.9.34910.180
MinimumVisualStudioVersion = 10.0.40219.1
Project("{FAE04EC0-301F-11D3-BF4B-00C04F79EFBC}") = "CmdDashboard", "CmdDashboard\CmdDashboard.csproj", "{9CF31990-3A79-4B2F-AB11-2B5E87719F36}"
EndProject
Global
	GlobalSection(SolutionConfigurationPlatforms) = preSolution
		Debug|Any CPU = Debug|Any CPU
		Release|Any CPU = Release|Any CPU
	EndGlobalSection
	GlobalSection(ProjectConfigurationPlatforms) = postSolution
		{9CF31990-3A79-4B2F-AB11-2B5E87719F36}.Debug|Any CPU.ActiveCfg = Debug|Any CPU
		{9CF31990-3A79-4B2F-AB11-2B5E87719F36}.Debug|Any CPU.Build.0 = Debug|Any CPU
		{9CF31990-3A79-4B2F-AB11-2B5E87719F36}.Release|Any CPU.ActiveCfg = Release|Any CPU
		{9CF31990-3A79-4B2F-AB11-2B5E87719F36}.Release|Any CPU.Build.0 = Release|Any CPU
	EndGlobalSection
	GlobalSection(SolutionProperties) = preSolution
		HideSolutionNode = FALSE
	EndGlobalSection
EndGlobal
